
Microsoft Visual Studio Solution File, Format Version 12.00
# Visual Studio 15
VisualStudioVersion = 15.0.27428.2005
MinimumVisualStudioVersion = 10.0.40219.1
Project("{9A19103F-16F7-4668-BE54-9A1E7A4F7556}") = "VisitorPattern", "VisitorPattern\VisitorPattern.csproj", "{64ABEA31-68BD-48D1-A929-0947A6F97815}"
EndProject
Project("{FAE04EC0-301F-11D3-BF4B-00C04F79EFBC}") = "ClassLibrary1", "ClassLibrary1\ClassLibrary1.csproj", "{9679EBDB-C5DD-4C35-B37F-898018382C73}"
EndProject
Global
	GlobalSection(SolutionConfigurationPlatforms) = preSolution
		Debug|Any CPU = Debug|Any CPU
		Release|Any CPU = Release|Any CPU
	EndGlobalSection
	GlobalSection(ProjectConfigurationPlatforms) = postSolution
		{64ABEA31-68BD-48D1-A929-0947A6F97815}.Debug|Any CPU.ActiveCfg = Debug|Any CPU
		{64ABEA31-68BD-48D1-A929-0947A6F97815}.Debug|Any CPU.Build.0 = Debug|Any CPU
		{64ABEA31-68BD-48D1-A929-0947A6F97815}.Release|Any CPU.ActiveCfg = Release|Any CPU
		{64ABEA31-68BD-48D1-A929-0947A6F97815}.Release|Any CPU.Build.0 = Release|Any CPU
		{9679EBDB-C5DD-4C35-B37F-898018382C73}.Debug|Any CPU.ActiveCfg = Debug|Any CPU
		{9679EBDB-C5DD-4C35-B37F-898018382C73}.Debug|Any CPU.Build.0 = Debug|Any CPU
		{9679EBDB-C5DD-4C35-B37F-898018382C73}.Release|Any CPU.ActiveCfg = Release|Any CPU
		{9679EBDB-C5DD-4C35-B37F-898018382C73}.Release|Any CPU.Build.0 = Release|Any CPU
	EndGlobalSection
	GlobalSection(SolutionProperties) = preSolution
		HideSolutionNode = FALSE
	EndGlobalSection
	GlobalSection(ExtensibilityGlobals) = postSolution
		SolutionGuid = {68132B89-044A-4D73-AC56-63B4FBB22264}
	EndGlobalSection
EndGlobal
